
Microsoft Visual Studio Solution File, Format Version 12.00
# Visual Studio 15
VisualStudioVersion = 15.0.28307.421
MinimumVisualStudioVersion = 10.0.40219.1
Project("{FAE04EC0-301F-11D3-BF4B-00C04F79EFBC}") = "ZP_SM", "ZP_SM\ZP_SM.csproj", "{EF9A0C4E-7F8E-473D-BCDB-22043B24FE63}"
EndProject
Global
	GlobalSection(SolutionConfigurationPlatforms) = preSolution
		Debug|Any CPU = Debug|Any CPU
		Release|Any CPU = Release|Any CPU
	EndGlobalSection
	GlobalSection(ProjectConfigurationPlatforms) = postSolution
		{EF9A0C4E-7F8E-473D-BCDB-22043B24FE63}.Debug|Any CPU.ActiveCfg = Debug|Any CPU
		{EF9A0C4E-7F8E-473D-BCDB-22043B24FE63}.Debug|Any CPU.Build.0 = Debug|Any CPU
		{EF9A0C4E-7F8E-473D-BCDB-22043B24FE63}.Release|Any CPU.ActiveCfg = Release|Any CPU
		{EF9A0C4E-7F8E-473D-BCDB-22043B24FE63}.Release|Any CPU.Build.0 = Release|Any CPU
	EndGlobalSection
	GlobalSection(SolutionProperties) = preSolution
		HideSolutionNode = FALSE
	EndGlobalSection
	GlobalSection(ExtensibilityGlobals) = postSolution
		SolutionGuid = {E4468AF0-AB3D-47E5-8BCF-68245B143DA1}
	EndGlobalSection
EndGlobal
